Microsoft Visual Studio Solution File, Format Version 11.00
# Visual Studio 2008

Project("{D43FBC56-98B2-4BB3-D611-76AF3B5EF93C}") = "Solar System Somulation", "Assembly-CSharp-firstpass.csproj", "{0DB6455B-2F6F-C7F0-0484-E7B4F4456425}"
EndProject
Project("{D43FBC56-98B2-4BB3-D611-76AF3B5EF93C}") = "Solar System Somulation", "Assembly-CSharp.csproj", "{6C16A041-E67C-53DE-89BE-62F653ADEFEC}"
EndProject
Project("{D43FBC56-98B2-4BB3-D611-76AF3B5EF93C}") = "Solar System Somulation", "Assembly-CSharp-Editor.csproj", "{34F98BCB-681D-93E0-05E8-6A70B14065E0}"
EndProject
Global
	GlobalSection(SolutionConfigurationPlatforms) = preSolution
		Debug|Any CPU = Debug|Any CPU
		Release|Any CPU = Release|Any CPU
	EndGlobalSection
	GlobalSection(ProjectConfigurationPlatforms) = postSolution
		{0DB6455B-2F6F-C7F0-0484-E7B4F4456425}.Debug|Any CPU.ActiveCfg = Debug|Any CPU
		{0DB6455B-2F6F-C7F0-0484-E7B4F4456425}.Debug|Any CPU.Build.0 = Debug|Any CPU
		{0DB6455B-2F6F-C7F0-0484-E7B4F4456425}.Release|Any CPU.ActiveCfg = Release|Any CPU
		{0DB6455B-2F6F-C7F0-0484-E7B4F4456425}.Release|Any CPU.Build.0 = Release|Any CPU
		{6C16A041-E67C-53DE-89BE-62F653ADEFEC}.Debug|Any CPU.ActiveCfg = Debug|Any CPU
		{6C16A041-E67C-53DE-89BE-62F653ADEFEC}.Debug|Any CPU.Build.0 = Debug|Any CPU
		{6C16A041-E67C-53DE-89BE-62F653ADEFEC}.Release|Any CPU.ActiveCfg = Release|Any CPU
		{6C16A041-E67C-53DE-89BE-62F653ADEFEC}.Release|Any CPU.Build.0 = Release|Any CPU
		{34F98BCB-681D-93E0-05E8-6A70B14065E0}.Debug|Any CPU.ActiveCfg = Debug|Any CPU
		{34F98BCB-681D-93E0-05E8-6A70B14065E0}.Debug|Any CPU.Build.0 = Debug|Any CPU
		{34F98BCB-681D-93E0-05E8-6A70B14065E0}.Release|Any CPU.ActiveCfg = Release|Any CPU
		{34F98BCB-681D-93E0-05E8-6A70B14065E0}.Release|Any CPU.Build.0 = Release|Any CPU
	EndGlobalSection
	GlobalSection(SolutionProperties) = preSolution
		HideSolutionNode = FALSE
	EndGlobalSection
	GlobalSection(MonoDevelopProperties) = preSolution
		StartupItem = Assembly-CSharp.csproj
	EndGlobalSection
EndGlobal
